
Microsoft Visual Studio Solution File, Format Version 12.00
# Visual Studio Version 16
VisualStudioVersion = 16.0.31410.357
MinimumVisualStudioVersion = 10.0.40219.1
Project("{FAE04EC0-301F-11D3-BF4B-00C04F79EFBC}") = "DefaultLoggerDemo", "DefaultLoggerDemo\DefaultLoggerDemo.csproj", "{C3451F90-72E4-47BC-8BF2-5528BBB87924}"
EndProject
Project("{FAE04EC0-301F-11D3-BF4B-00C04F79EFBC}") = "Log4NetDemo", "Log4NetDemo\Log4NetDemo.csproj", "{17A9932F-9C96-4C94-A486-8657653D5F17}"
EndProject
Project("{FAE04EC0-301F-11D3-BF4B-00C04F79EFBC}") = "NLogDemo", "NLogDemo\NLogDemo.csproj", "{C95EFC37-F2F6-478F-8EA7-1AA2B5886EF5}"
EndProject
Project("{FAE04EC0-301F-11D3-BF4B-00C04F79EFBC}") = "SerilogsDemo", "SerilogsDemo\SerilogsDemo.csproj", "{D25EC571-8042-4FF1-8C0F-734FCEC199DF}"
EndProject
Global
	GlobalSection(SolutionConfigurationPlatforms) = preSolution
		Debug|Any CPU = Debug|Any CPU
		Release|Any CPU = Release|Any CPU
	EndGlobalSection
	GlobalSection(ProjectConfigurationPlatforms) = postSolution
		{C3451F90-72E4-47BC-8BF2-5528BBB87924}.Debug|Any CPU.ActiveCfg = Debug|Any CPU
		{C3451F90-72E4-47BC-8BF2-5528BBB87924}.Debug|Any CPU.Build.0 = Debug|Any CPU
		{C3451F90-72E4-47BC-8BF2-5528BBB87924}.Release|Any CPU.ActiveCfg = Release|Any CPU
		{C3451F90-72E4-47BC-8BF2-5528BBB87924}.Release|Any CPU.Build.0 = Release|Any CPU
		{17A9932F-9C96-4C94-A486-8657653D5F17}.Debug|Any CPU.ActiveCfg = Debug|Any CPU
		{17A9932F-9C96-4C94-A486-8657653D5F17}.Debug|Any CPU.Build.0 = Debug|Any CPU
		{17A9932F-9C96-4C94-A486-8657653D5F17}.Release|Any CPU.ActiveCfg = Release|Any CPU
		{17A9932F-9C96-4C94-A486-8657653D5F17}.Release|Any CPU.Build.0 = Release|Any CPU
		{C95EFC37-F2F6-478F-8EA7-1AA2B5886EF5}.Debug|Any CPU.ActiveCfg = Debug|Any CPU
		{C95EFC37-F2F6-478F-8EA7-1AA2B5886EF5}.Debug|Any CPU.Build.0 = Debug|Any CPU
		{C95EFC37-F2F6-478F-8EA7-1AA2B5886EF5}.Release|Any CPU.ActiveCfg = Release|Any CPU
		{C95EFC37-F2F6-478F-8EA7-1AA2B5886EF5}.Release|Any CPU.Build.0 = Release|Any CPU
		{D25EC571-8042-4FF1-8C0F-734FCEC199DF}.Debug|Any CPU.ActiveCfg = Debug|Any CPU
		{D25EC571-8042-4FF1-8C0F-734FCEC199DF}.Debug|Any CPU.Build.0 = Debug|Any CPU
		{D25EC571-8042-4FF1-8C0F-734FCEC199DF}.Release|Any CPU.ActiveCfg = Release|Any CPU
		{D25EC571-8042-4FF1-8C0F-734FCEC199DF}.Release|Any CPU.Build.0 = Release|Any CPU
	EndGlobalSection
	GlobalSection(SolutionProperties) = preSolution
		HideSolutionNode = FALSE
	EndGlobalSection
	GlobalSection(ExtensibilityGlobals) = postSolution
		SolutionGuid = {7D399F8C-F44F-4BE2-AE1F-A894067F0DDF}
	EndGlobalSection
EndGlobal
